Microsoft Visual Studio Solution File, Format Version 12.00
# Visual Studio Version 17
VisualStudioVersion = 17.5.2.0
MinimumVisualStudioVersion = 10.0.40219.1
Project("{FAE04EC0-301F-11D3-BF4B-00C04F79EFBC}") = "RateNowApi", "RateNowApi.csproj", "{055E85DD-E4A8-51CC-D67E-C732AD217FFE}"
EndProject
Global
	GlobalSection(SolutionConfigurationPlatforms) = preSolution
		Debug|Any CPU = Debug|Any CPU
		Release|Any CPU = Release|Any CPU
	EndGlobalSection
	GlobalSection(ProjectConfigurationPlatforms) = postSolution
		{055E85DD-E4A8-51CC-D67E-C732AD217FFE}.Debug|Any CPU.ActiveCfg = Debug|Any CPU
		{055E85DD-E4A8-51CC-D67E-C732AD217FFE}.Debug|Any CPU.Build.0 = Debug|Any CPU
		{055E85DD-E4A8-51CC-D67E-C732AD217FFE}.Release|Any CPU.ActiveCfg = Release|Any CPU
		{055E85DD-E4A8-51CC-D67E-C732AD217FFE}.Release|Any CPU.Build.0 = Release|Any CPU
	EndGlobalSection
	GlobalSection(SolutionProperties) = preSolution
		HideSolutionNode = FALSE
	EndGlobalSection
	GlobalSection(ExtensibilityGlobals) = postSolution
		SolutionGuid = {01A2B944-66DE-45F4-AF82-0491739071FB}
	EndGlobalSection
EndGlobal
